github.com/mrled/twarchive/aviary v0.0.0-20251206135335-3885cdc9a9d8 h1:TvzUMTIQWffznQO3ZF1I9qAi5iOmWL3yWvWqW59fisU=
github.com/mrled/twarchive/aviary v0.0.0-20251206135335-3885cdc9a9d8/go.mod h1:u5USz/8IhHJ+j0dA8S67OXSEIQPIvLM8tLgxA53Wovc=
github.com/mrled/twarchive/ornithography v0.0.0-20251206135335-3885cdc9a9d8 h1:4gxT4TeaLCd/sESkSQ2Q3dP4NZcEaEGlfaDrV9Wwo5E=
github.com/mrled/twarchive/ornithography v0.0.0-20251206135335-3885cdc9a9d8/go.mod h1:8i/Kh6omO0izBtHfN09Kpf8JtKxK+k48y81Ffqk2Cq0=
